{
  "name": "travelgallery",
  "version": "1.0.0",
  "lockfileVersion": 3,
  "requires": true,
  "packages": {
    "": {
      "version": "1.0.0",
      "license": "ISC",
      "dependencies": {
        "famous": "^0.7.1"
      }
    },
    "node_modules/@choojs/findup": {
      "version": "0.2.1",
      "resolved": "https://registry.npmjs.org/@choojs/findup/-/findup-0.2.1.tgz",
      "integrity": "sha512-YstAqNb0MCN8PjdLCDfRsBcGVRN41f3vgLvaI0IrIcBp4AqILRSS0DeWNGkicC+f/zRIPJLc+9RURVSepwvfBw==",
      "dependencies": {
        "commander": "^2.15.1"
      },
      "bin": {
        "findup": "bin/findup.js"
      }
    },
    "node_modules/acorn": {
      "version": "5.7.4",
      "resolved": "https://registry.npmjs.org/acorn/-/acorn-5.7.4.tgz",
      "integrity": "sha512-1D++VG7BhrtvQpNbBzovKNc1FLGGEE/oGe7b9xJm/RFHMBeUaUGpluV9RLjZa47YFdPcDAenEYuq9pQPcMdLJg==",
      "license": "MIT",
      "bin": {
        "acorn": "bin/acorn"
      },
      "engines": {
        "node": ">=0.4.0"
      }
    },
    "node_modules/amdefine": {
      "version": "1.0.1",
      "resolved": "https://registry.npmjs.org/amdefine/-/amdefine-1.0.1.tgz",
      "integrity": "sha1-SlKCrBZHKek2Gbz9OtFR+BfOkfU=",
      "optional": true,
      "engines": {
        "node": ">=0.4.2"
      }
    },
    "node_modules/bl": {
      "version": "0.9.5",
      "resolved": "https://registry.npmjs.org/bl/-/bl-0.9.5.tgz",
      "integrity": "sha1-wGt5evCF6gC8Unr8jvzxHeIjIFQ=",
      "dependencies": {
        "readable-stream": "~1.0.26"
      }
    },
    "node_modules/buffer-from": {
      "version": "1.1.1",
      "resolved": "https://registry.npmjs.org/buffer-from/-/buffer-from-1.1.1.tgz",
      "integrity": "sha512-MQcXEUbCKtEo7bhqEs6560Hyd4XaovZlO/k9V3hjVUF/zwW7KBVdSK4gIt/bzwS9MbR5qob+F5jusZsb0YQK2A=="
    },
    "node_modules/commander": {
      "version": "2.20.3",
      "resolved": "https://registry.npmjs.org/commander/-/commander-2.20.3.tgz",
      "integrity": "sha512-GpVkmM8vF2vQUkj2LvZmD35JxeJOLCwJ9cUkugyk2nuhbv3+mJvpLYYt+0+USMxE+oj+ey/lJEnhZw75x/OMcQ=="
    },
    "node_modules/concat-stream": {
      "version": "1.6.2",
      "resolved": "https://registry.npmjs.org/concat-stream/-/concat-stream-1.6.2.tgz",
      "integrity": "sha512-27HBghJxjiZtIk3Ycvn/4kbJk/1uZuJFfuPEns6LaEvpvG1f0hTea8lilrouyo9mVc2GWdcEZ8OLoGmSADlrCw==",
      "engines": [
        "node >= 0.8"
      ],
      "dependencies": {
        "buffer-from": "^1.0.0",
        "inherits": "^2.0.3",
        "readable-stream": "^2.2.2",
        "typedarray": "^0.0.6"
      }
    },
    "node_modules/concat-stream/node_modules/isarray": {
      "version": "1.0.0",
      "resolved": "https://registry.npmjs.org/isarray/-/isarray-1.0.0.tgz",
      "integrity": "sha1-u5NdSFgsuhaMBoNJV6VKPgcSTxE="
    },
    "node_modules/concat-stream/node_modules/readable-stream": {
      "version": "2.3.6",
      "resolved": "https://registry.npmjs.org/readable-stream/-/readable-stream-2.3.6.tgz",
      "integrity": "sha512-tQtKA9WIAhBF3+VLAseyMqZeBjW0AHJoxOtYqSUZNJxauErmLbVm2FW1y+J/YA9dUrAC39ITejlZWhVIwawkKw==",
      "dependencies": {
        "core-util-is": "~1.0.0",
        "inherits": "~2.0.3",
        "isarray": "~1.0.0",
        "process-nextick-args": "~2.0.0",
        "safe-buffer": "~5.1.1",
        "string_decoder": "~1.1.1",
        "util-deprecate": "~1.0.1"
      }
    },
    "node_modules/concat-stream/node_modules/string_decoder": {
      "version": "1.1.1",
      "resolved": "https://registry.npmjs.org/string_decoder/-/string_decoder-1.1.1.tgz",
      "integrity": "sha512-n/ShnvDi6FHbbVfviro+WojiFzv+s8MPMHBczVePfUpDJLwoLT0ht1l4YwBCbi8pJAveEEdnkHyPyTP/mzRfwg==",
      "dependencies": {
        "safe-buffer": "~5.1.0"
      }
    },
    "node_modules/core-util-is": {
      "version": "1.0.2",
      "resolved": "https://registry.npmjs.org/core-util-is/-/core-util-is-1.0.2.tgz",
      "integrity": "sha1-tf1UIgqivFq1eqtxQMlAdUUDwac="
    },
    "node_modules/duplexer2": {
      "version": "0.0.2",
      "resolved": "https://registry.npmjs.org/duplexer2/-/duplexer2-0.0.2.tgz",
      "integrity": "sha1-xhTc9n4vsUmVqRcR5aYX6KYKMds=",
      "dependencies": {
        "readable-stream": "~1.1.9"
      }
    },
    "node_modules/duplexer2/node_modules/readable-stream": {
      "version": "1.1.14",
      "resolved": "https://registry.npmjs.org/readable-stream/-/readable-stream-1.1.14.tgz",
      "integrity": "sha1-fPTFTvZI44EwhMY23SB54WbAgdk=",
      "dependencies": {
        "core-util-is": "~1.0.0",
        "inherits": "~2.0.1",
        "isarray": "0.0.1",
        "string_decoder": "~0.10.x"
      }
    },
    "node_modules/escodegen": {
      "version": "1.3.3",
      "resolved": "https://registry.npmjs.org/escodegen/-/escodegen-1.3.3.tgz",
      "integrity": "sha1-8CQBb1qI4Eb9EgBQVek5gC5sXyM=",
      "dependencies": {
        "esprima": "~1.1.1",
        "estraverse": "~1.5.0",
        "esutils": "~1.0.0"
      },
      "bin": {
        "escodegen": "bin/escodegen.js",
        "esgenerate": "bin/esgenerate.js"
      },
      "engines": {
        "node": ">=0.10.0"
      },
      "optionalDependencies": {
        "source-map": "~0.1.33"
      }
    },
    "node_modules/esprima": {
      "version": "1.1.1",
      "resolved": "https://registry.npmjs.org/esprima/-/esprima-1.1.1.tgz",
      "integrity": "sha1-W28VR/TRAuZw4UDFCb5ncdautUk=",
      "bin": {
        "esparse": "bin/esparse.js",
        "esvalidate": "bin/esvalidate.js"
      },
      "engines": {
        "node": ">=0.4.0"
      }
    },
    "node_modules/estraverse": {
      "version": "1.5.1",
      "resolved": "https://registry.npmjs.org/estraverse/-/estraverse-1.5.1.tgz",
      "integrity": "sha1-hno+jlip+EYYr7bC3bzZFrfLr3E=",
      "engines": {
        "node": ">=0.4.0"
      }
    },
    "node_modules/esutils": {
      "version": "1.0.0",
      "resolved": "https://registry.npmjs.org/esutils/-/esutils-1.0.0.tgz",
      "integrity": "sha1-gVHTWOIMisx/t0XnRywAJf5JZXA=",
      "engines": {
        "node": ">=0.10.0"
      }
    },
    "node_modules/events": {
      "version": "1.1.1",
      "resolved": "https://registry.npmjs.org/events/-/events-1.1.1.tgz",
      "integrity": "sha1-nr23Y1rQmccNzEwqH1AEKI6L2SQ=",
      "engines": {
        "node": ">=0.4.x"
      }
    },
    "node_modules/falafel": {
      "version": "2.1.0",
      "resolved": "https://registry.npmjs.org/falafel/-/falafel-2.1.0.tgz",
      "integrity": "sha1-lrsXdh2rqU9G0AFzizzt86Z/4Gw=",
      "dependencies": {
        "acorn": "^5.0.0",
        "foreach": "^2.0.5",
        "isarray": "0.0.1",
        "object-keys": "^1.0.6"
      },
      "engines": {
        "node": ">=0.4.0"
      }
    },
    "node_modules/famous": {
      "version": "0.7.1",
      "resolved": "https://registry.npmjs.org/famous/-/famous-0.7.1.tgz",
      "integrity": "sha1-HjdRkSsvRKxKIpMMFT5kfc5Spcg=",
      "dependencies": {
        "glslify": "^2.0.0"
      }
    },
    "node_modules/foreach": {
      "version": "2.0.5",
      "resolved": "https://registry.npmjs.org/foreach/-/foreach-2.0.5.tgz",
      "integrity": "sha1-C+4AUBiusmDQo6865ljdATbsG5k="
    },
    "node_modules/function-bind": {
      "version": "1.1.1",
      "resolved": "https://registry.npmjs.org/function-bind/-/function-bind-1.1.1.tgz",
      "integrity": "sha512-yIovAzMX49sF8Yl58fSCWJ5svSLuaibPxXQJFLmBObTuCr0Mf1KiPopGM9NiFjiYBCbfaa2Fh6breQ6ANVTI0A=="
    },
    "node_modules/glsl-inject-defines": {
      "version": "1.0.3",
      "resolved": "https://registry.npmjs.org/glsl-inject-defines/-/glsl-inject-defines-1.0.3.tgz",
      "integrity": "sha1-3RqswsF/yyvT/DJBHGYz0Ne2D9Q=",
      "dependencies": {
        "glsl-token-inject-block": "^1.0.0",
        "glsl-token-string": "^1.0.1",
        "glsl-tokenizer": "^2.0.2"
      }
    },
    "node_modules/glsl-resolve": {
      "version": "0.0.1",
      "resolved": "https://registry.npmjs.org/glsl-resolve/-/glsl-resolve-0.0.1.tgz",
      "integrity": "sha1-iUvvc5ENeSyBtRQxgANdCnivdtM=",
      "dependencies": {
        "resolve": "^0.6.1",
        "xtend": "^2.1.2"
      }
    },
    "node_modules/glsl-resolve/node_modules/resolve": {
      "version": "0.6.3",
      "resolved": "https://registry.npmjs.org/resolve/-/resolve-0.6.3.tgz",
      "integrity": "sha1-3ZV5gufnNt699TtYpN2RdUV13UY="
    },
    "node_modules/glsl-resolve/node_modules/xtend": {
      "version": "2.2.0",
      "resolved": "https://registry.npmjs.org/xtend/-/xtend-2.2.0.tgz",
      "integrity": "sha1-7vax8ZjByN6vrYsXZaBNrUoBxak=",
      "engines": {
        "node": ">=0.4"
      }
    },
    "node_modules/glsl-token-assignments": {
      "version": "2.0.2",
      "resolved": "https://registry.npmjs.org/glsl-token-assignments/-/glsl-token-assignments-2.0.2.tgz",
      "integrity": "sha1-pdgqt4SZwuimuDy2lJXm5mXOAZ8="
    },
    "node_modules/glsl-token-defines": {
      "version": "1.0.0",
      "resolved": "https://registry.npmjs.org/glsl-token-defines/-/glsl-token-defines-1.0.0.tgz",
      "integrity": "sha1-y4kqqVmTYjFyhHDU90AySJaX+p0=",
      "dependencies": {
        "glsl-tokenizer": "^2.0.0"
      }
    },
    "node_modules/glsl-token-depth": {
      "version": "1.1.2",
      "resolved": "https://registry.npmjs.org/glsl-token-depth/-/glsl-token-depth-1.1.2.tgz",
      "integrity": "sha1-I8XjDuK9JViEtKKLyFC495HpXYQ="
    },
    "node_modules/glsl-token-descope": {
      "version": "1.0.2",
      "resolved": "https://registry.npmjs.org/glsl-token-descope/-/glsl-token-descope-1.0.2.tgz",
      "integrity": "sha1-D8kKsyYYa4L1l7LnfcniHvzTIHY=",
      "dependencies": {
        "glsl-token-assignments": "^2.0.0",
        "glsl-token-depth": "^1.1.0",
        "glsl-token-properties": "^1.0.0",
        "glsl-token-scope": "^1.1.0"
      }
    },
    "node_modules/glsl-token-inject-block": {
      "version": "1.1.0",
      "resolved": "https://registry.npmjs.org/glsl-token-inject-block/-/glsl-token-inject-block-1.1.0.tgz",
      "integrity": "sha1-4QFfWYDBCRgkraomJfHf3ovQADQ="
    },
    "node_modules/glsl-token-properties": {
      "version": "1.0.1",
      "resolved": "https://registry.npmjs.org/glsl-token-properties/-/glsl-token-properties-1.0.1.tgz",
      "integrity": "sha1-SD3D2Dnw1LXGFx0VkfJJvlPCip4="
    },
    "node_modules/glsl-token-scope": {
      "version": "1.1.2",
      "resolved": "https://registry.npmjs.org/glsl-token-scope/-/glsl-token-scope-1.1.2.tgz",
      "integrity": "sha1-oXKOeN8kRE+cuT/RjvD3VQOmQ7E="
    },
    "node_modules/glsl-token-string": {
      "version": "1.0.1",
      "resolved": "https://registry.npmjs.org/glsl-token-string/-/glsl-token-string-1.0.1.tgz",
      "integrity": "sha1-WUQdL4V958NEnJRWZgIezjWOSOw="
    },
    "node_modules/glsl-tokenizer": {
      "version": "2.1.5",
      "resolved": "https://registry.npmjs.org/glsl-tokenizer/-/glsl-tokenizer-2.1.5.tgz",
      "integrity": "sha512-XSZEJ/i4dmz3Pmbnpsy3cKh7cotvFlBiZnDOwnj/05EwNp2XrhQ4XKJxT7/pDt4kp4YcpRSKz8eTV7S+mwV6MA==",
      "dependencies": {
        "through2": "^0.6.3"
      }
    },
    "node_modules/glslify": {
      "version": "2.3.1",
      "resolved": "https://registry.npmjs.org/glslify/-/glslify-2.3.1.tgz",
      "integrity": "sha1-R6jOW/CGCVVqp+x2xqfTQwd23UY=",
      "dependencies": {
        "bl": "^0.9.4",
        "glsl-resolve": "0.0.1",
        "glslify-bundle": "^2.0.4",
        "glslify-deps": "^1.2.0",
        "minimist": "^1.1.0",
        "resolve": "^1.1.5",
        "static-module": "^1.1.2",
        "through2": "^0.6.3",
        "xtend": "^4.0.0"
      },
      "bin": {
        "glslify": "bin.js"
      }
    },
    "node_modules/glslify-bundle": {
      "version": "2.0.4",
      "resolved": "https://registry.npmjs.org/glslify-bundle/-/glslify-bundle-2.0.4.tgz",
      "integrity": "sha1-eV3xGYGAeIYaoZiaDHXVnCDs/dY=",
      "dependencies": {
        "glsl-inject-defines": "^1.0.1",
        "glsl-token-defines": "^1.0.0",
        "glsl-token-depth": "^1.1.1",
        "glsl-token-descope": "^1.0.2",
        "glsl-token-scope": "^1.1.1",
        "glsl-token-string": "^1.0.1",
        "glsl-tokenizer": "^2.0.2"
      }
    },
    "node_modules/glslify-deps": {
      "version": "1.3.1",
      "resolved": "https://registry.npmjs.org/glslify-deps/-/glslify-deps-1.3.1.tgz",
      "integrity": "sha512-Ogm179MCazwIRyEqs3g3EOY4Y3XIAa0yl8J5RE9rJC6QH1w8weVOp2RZu0mvnYy/2xIas1w166YR2eZdDkWQxg==",
      "dependencies": {
        "@choojs/findup": "^0.2.0",
        "events": "^1.0.2",
        "glsl-resolve": "0.0.1",
        "glsl-tokenizer": "^2.0.0",
        "graceful-fs": "^4.1.2",
        "inherits": "^2.0.1",
        "map-limit": "0.0.1",
        "resolve": "^1.0.0"
      }
    },
    "node_modules/graceful-fs": {
      "version": "4.2.2",
      "resolved": "https://registry.npmjs.org/graceful-fs/-/graceful-fs-4.2.2.tgz",
      "integrity": "sha512-IItsdsea19BoLC7ELy13q1iJFNmd7ofZH5+X/pJr90/nRoPEX0DJo1dHDbgtYWOhJhcCgMDTOw84RZ72q6lB+Q=="
    },
    "node_modules/has": {
      "version": "1.0.3",
      "resolved": "https://registry.npmjs.org/has/-/has-1.0.3.tgz",
      "integrity": "sha512-f2dvO0VU6Oej7RkWJGrehjbzMAjFp5/VKPp5tTpWIV4JHHZK1/BxbFRtf/siA2SWTe09caDmVtYYzWEIbBS4zw==",
      "dependencies": {
        "function-bind": "^1.1.1"
      },
      "engines": {
        "node": ">= 0.4.0"
      }
    },
    "node_modules/inherits": {
      "version": "2.0.4",
      "resolved": "https://registry.npmjs.org/inherits/-/inherits-2.0.4.tgz",
      "integrity": "sha512-k/vGaX4/Yla3WzyMCvTQOXYeIHvqOKtnqBduzTHpzpQZzAskKMhZ2K+EnBiSM9zGSoIFeMpXKxa4dYeZIQqewQ=="
    },
    "node_modules/isarray": {
      "version": "0.0.1",
      "resolved": "https://registry.npmjs.org/isarray/-/isarray-0.0.1.tgz",
      "integrity": "sha1-ihis/Kmo9Bd+Cav8YDiTmwXR7t8="
    },
    "node_modules/map-limit": {
      "version": "0.0.1",
      "resolved": "https://registry.npmjs.org/map-limit/-/map-limit-0.0.1.tgz",
      "integrity": "sha1-63lhAxwPDo0AG/LVb6toXViCLzg=",
      "dependencies": {
        "once": "~1.3.0"
      }
    },
    "node_modules/minimist": {
      "version": "1.2.0",
      "resolved": "https://registry.npmjs.org/minimist/-/minimist-1.2.0.tgz",
      "integrity": "sha1-o1AIsg9BOD7sH7kU9M1d95omQoQ="
    },
    "node_modules/object-inspect": {
      "version": "0.4.0",
      "resolved": "https://registry.npmjs.org/object-inspect/-/object-inspect-0.4.0.tgz",
      "integrity": "sha1-9RV8EWwUVbJDsG7pdwM5LFrYn+w="
    },
    "node_modules/object-keys": {
      "version": "1.1.1",
      "resolved": "https://registry.npmjs.org/object-keys/-/object-keys-1.1.1.tgz",
      "integrity": "sha512-NuAESUOUMrlIXOfHKzD6bpPu3tYt3xvjNdRIQ+FeT0lNb4K8WR70CaDxhuNguS2XG+GjkyMwOzsN5ZktImfhLA==",
      "engines": {
        "node": ">= 0.4"
      }
    },
    "node_modules/once": {
      "version": "1.3.3",
      "resolved": "https://registry.npmjs.org/once/-/once-1.3.3.tgz",
      "integrity": "sha1-suJhVXzkwxTsgwTz+oJmPkKXyiA=",
      "dependencies": {
        "wrappy": "1"
      }
    },
    "node_modules/path-parse": {
      "version": "1.0.6",
      "resolved": "https://registry.npmjs.org/path-parse/-/path-parse-1.0.6.tgz",
      "integrity": "sha512-GSmOT2EbHrINBf9SR7CDELwlJ8AENk3Qn7OikK4nFYAu3Ote2+JYNVvkpAEQm3/TLNEJFD/xZJjzyxg3KBWOzw=="
    },
    "node_modules/process-nextick-args": {
      "version": "2.0.1",
      "resolved": "https://registry.npmjs.org/process-nextick-args/-/process-nextick-args-2.0.1.tgz",
      "integrity": "sha512-3ouUOpQhtgrbOa17J7+uxOTpITYWaGP7/AhoR3+A+/1e9skrzelGi/dXzEYyvbxubEF6Wn2ypscTKiKJFFn1ag=="
    },
    "node_modules/quote-stream": {
      "version": "0.0.0",
      "resolved": "https://registry.npmjs.org/quote-stream/-/quote-stream-0.0.0.tgz",
      "integrity": "sha1-zeKelMQJsW4Z3HCYuJtmWPlyHTs=",
      "dependencies": {
        "minimist": "0.0.8",
        "through2": "~0.4.1"
      }
    },
    "node_modules/quote-stream/node_modules/minimist": {
      "version": "0.0.8",
      "resolved": "https://registry.npmjs.org/minimist/-/minimist-0.0.8.tgz",
      "integrity": "sha1-hX/Kv8M5fSYluCKCYuhqp6ARsF0="
    },
    "node_modules/quote-stream/node_modules/object-keys": {
      "version": "0.4.0",
      "resolved": "https://registry.npmjs.org/object-keys/-/object-keys-0.4.0.tgz",
      "integrity": "sha1-KKaq50KN0sOpLz2V8hM13SBOAzY="
    },
    "node_modules/quote-stream/node_modules/through2": {
      "version": "0.4.2",
      "resolved": "https://registry.npmjs.org/through2/-/through2-0.4.2.tgz",
      "integrity": "sha1-2/WGYDEVHsg1K7bE22SiKSqEC5s=",
      "dependencies": {
        "readable-stream": "~1.0.17",
        "xtend": "~2.1.1"
      }
    },
    "node_modules/quote-stream/node_modules/xtend": {
      "version": "2.1.2",
      "resolved": "https://registry.npmjs.org/xtend/-/xtend-2.1.2.tgz",
      "integrity": "sha1-bv7MKk2tjmlixJAbM3znuoe10os=",
      "dependencies": {
        "object-keys": "~0.4.0"
      },
      "engines": {
        "node": ">=0.4"
      }
    },
    "node_modules/readable-stream": {
      "version": "1.0.34",
      "resolved": "https://registry.npmjs.org/readable-stream/-/readable-stream-1.0.34.tgz",
      "integrity": "sha1-Elgg40vIQtLyqq+v5MKRbuMsFXw=",
      "dependencies": {
        "core-util-is": "~1.0.0",
        "inherits": "~2.0.1",
        "isarray": "0.0.1",
        "string_decoder": "~0.10.x"
      }
    },
    "node_modules/resolve": {
      "version": "1.12.0",
      "resolved": "https://registry.npmjs.org/resolve/-/resolve-1.12.0.tgz",
      "integrity": "sha512-B/dOmuoAik5bKcD6s6nXDCjzUKnaDvdkRyAk6rsmsKLipWj4797iothd7jmmUhWTfinVMU+wc56rYKsit2Qy4w==",
      "dependencies": {
        "path-parse": "^1.0.6"
      }
    },
    "node_modules/safe-buffer": {
      "version": "5.1.2",
      "resolved": "https://registry.npmjs.org/safe-buffer/-/safe-buffer-5.1.2.tgz",
      "integrity": "sha512-Gd2UZBJDkXlY7GbJxfsE8/nvKkUEU1G38c1siN6QP6a9PT9MmHB8GnpscSmMJSoF8LOIrt8ud/wPtojys4G6+g=="
    },
    "node_modules/shallow-copy": {
      "version": "0.0.1",
      "resolved": "https://registry.npmjs.org/shallow-copy/-/shallow-copy-0.0.1.tgz",
      "integrity": "sha1-QV9CcC1z2BAzApLMXuhurhoRoXA="
    },
    "node_modules/source-map": {
      "version": "0.1.43",
      "resolved": "https://registry.npmjs.org/source-map/-/source-map-0.1.43.tgz",
      "integrity": "sha1-wkvBRspRfBRx9drL4lcbK3+eM0Y=",
      "optional": true,
      "dependencies": {
        "amdefine": ">=0.0.4"
      },
      "engines": {
        "node": ">=0.8.0"
      }
    },
    "node_modules/static-eval": {
      "version": "0.2.4",
      "resolved": "https://registry.npmjs.org/static-eval/-/static-eval-0.2.4.tgz",
      "integrity": "sha1-t9NNg4k3uWn5ZBygfUj47eJj6ns=",
      "dependencies": {
        "escodegen": "~0.0.24"
      }
    },
    "node_modules/static-eval/node_modules/escodegen": {
      "version": "0.0.28",
      "resolved": "https://registry.npmjs.org/escodegen/-/escodegen-0.0.28.tgz",
      "integrity": "sha1-Dk/xcV8yh3XWyrUaxEpAbNer/9M=",
      "dependencies": {
        "esprima": "~1.0.2",
        "estraverse": "~1.3.0"
      },
      "bin": {
        "escodegen": "bin/escodegen.js",
        "esgenerate": "bin/esgenerate.js"
      },
      "engines": {
        "node": ">=0.4.0"
      },
      "optionalDependencies": {
        "source-map": ">= 0.1.2"
      }
    },
    "node_modules/static-eval/node_modules/esprima": {
      "version": "1.0.4",
      "resolved": "https://registry.npmjs.org/esprima/-/esprima-1.0.4.tgz",
      "integrity": "sha1-n1V+CPw7TSbs6d00+Pv0drYlha0=",
      "bin": {
        "esparse": "bin/esparse.js",
        "esvalidate": "bin/esvalidate.js"
      },
      "engines": {
        "node": ">=0.4.0"
      }
    },
    "node_modules/static-eval/node_modules/estraverse": {
      "version": "1.3.2",
      "resolved": "https://registry.npmjs.org/estraverse/-/estraverse-1.3.2.tgz",
      "integrity": "sha1-N8K4k+8T1yPydth41g2FNRUqbEI=",
      "engines": {
        "node": ">=0.4.0"
      }
    },
    "node_modules/static-module": {
      "version": "1.5.0",
      "resolved": "https://registry.npmjs.org/static-module/-/static-module-1.5.0.tgz",
      "integrity": "sha1-J9qYg8QajNCSNvhC8MHrxu32PYY=",
      "dependencies": {
        "concat-stream": "~1.6.0",
        "duplexer2": "~0.0.2",
        "escodegen": "~1.3.2",
        "falafel": "^2.1.0",
        "has": "^1.0.0",
        "object-inspect": "~0.4.0",
        "quote-stream": "~0.0.0",
        "readable-stream": "~1.0.27-1",
        "shallow-copy": "~0.0.1",
        "static-eval": "~0.2.0",
        "through2": "~0.4.1"
      }
    },
    "node_modules/static-module/node_modules/object-keys": {
      "version": "0.4.0",
      "resolved": "https://registry.npmjs.org/object-keys/-/object-keys-0.4.0.tgz",
      "integrity": "sha1-KKaq50KN0sOpLz2V8hM13SBOAzY="
    },
    "node_modules/static-module/node_modules/through2": {
      "version": "0.4.2",
      "resolved": "https://registry.npmjs.org/through2/-/through2-0.4.2.tgz",
      "integrity": "sha1-2/WGYDEVHsg1K7bE22SiKSqEC5s=",
      "dependencies": {
        "readable-stream": "~1.0.17",
        "xtend": "~2.1.1"
      }
    },
    "node_modules/static-module/node_modules/xtend": {
      "version": "2.1.2",
      "resolved": "https://registry.npmjs.org/xtend/-/xtend-2.1.2.tgz",
      "integrity": "sha1-bv7MKk2tjmlixJAbM3znuoe10os=",
      "dependencies": {
        "object-keys": "~0.4.0"
      },
      "engines": {
        "node": ">=0.4"
      }
    },
    "node_modules/string_decoder": {
      "version": "0.10.31",
      "resolved": "https://registry.npmjs.org/string_decoder/-/string_decoder-0.10.31.tgz",
      "integrity": "sha1-YuIDvEF2bGwoyfyEMB2rHFMQ+pQ="
    },
    "node_modules/through2": {
      "version": "0.6.5",
      "resolved": "https://registry.npmjs.org/through2/-/through2-0.6.5.tgz",
      "integrity": "sha1-QaucZ7KdVyCQcUEOHXp6lozTrUg=",
      "dependencies": {
        "readable-stream": ">=1.0.33-1 <1.1.0-0",
        "xtend": ">=4.0.0 <4.1.0-0"
      }
    },
    "node_modules/typedarray": {
      "version": "0.0.6",
      "resolved": "https://registry.npmjs.org/typedarray/-/typedarray-0.0.6.tgz",
      "integrity": "sha1-hnrHTjhkGHsdPUfZlqeOxciDB3c="
    },
    "node_modules/util-deprecate": {
      "version": "1.0.2",
      "resolved": "https://registry.npmjs.org/util-deprecate/-/util-deprecate-1.0.2.tgz",
      "integrity": "sha1-RQ1Nyfpw3nMnYvvS1KKJgUGaDM8="
    },
    "node_modules/wrappy": {
      "version": "1.0.2",
      "resolved": "https://registry.npmjs.org/wrappy/-/wrappy-1.0.2.tgz",
      "integrity": "sha1-tSQ9jz7BqjXxNkYFvA0QNuMKtp8="
    },
    "node_modules/xtend": {
      "version": "4.0.2",
      "resolved": "https://registry.npmjs.org/xtend/-/xtend-4.0.2.tgz",
      "integrity": "sha512-LKYU1iAXJXUgAXn9URjiu+MWhyUXHsvfp7mcuYm9dSUKK0/CjtrUwFAxD82/mCWbtLsGjFIad0wIsod4zrTAEQ==",
      "engines": {
        "node": ">=0.4"
      }
    }
  }
}
